
Microsoft Visual Studio Solution File, Format Version 12.00
# Visual Studio Version 17
VisualStudioVersion = 17.1.32319.34
MinimumVisualStudioVersion = 10.0.40219.1
Project("{FAE04EC0-301F-11D3-BF4B-00C04F79EFBC}") = "Spotify", "Spotify.csproj", "{BBE94E74-3F9E-4C0C-8ED5-510E838DEA3A}"
EndProject
Global
	GlobalSection(SolutionConfigurationPlatforms) = preSolution
		Debug|Any CPU = Debug|Any CPU
		Release|Any CPU = Release|Any CPU
	EndGlobalSection
	GlobalSection(ProjectConfigurationPlatforms) = postSolution
		{BBE94E74-3F9E-4C0C-8ED5-510E838DEA3A}.Debug|Any CPU.ActiveCfg = Debug|Any CPU
		{BBE94E74-3F9E-4C0C-8ED5-510E838DEA3A}.Debug|Any CPU.Build.0 = Debug|Any CPU
		{BBE94E74-3F9E-4C0C-8ED5-510E838DEA3A}.Release|Any CPU.ActiveCfg = Release|Any CPU
		{BBE94E74-3F9E-4C0C-8ED5-510E838DEA3A}.Release|Any CPU.Build.0 = Release|Any CPU
	EndGlobalSection
	GlobalSection(SolutionProperties) = preSolution
		HideSolutionNode = FALSE
	EndGlobalSection
	GlobalSection(ExtensibilityGlobals) = postSolution
		SolutionGuid = {BEE7747A-79D9-4DE3-B4CF-96E738B80741}
	EndGlobalSection
EndGlobal
